
Microsoft Visual Studio Solution File, Format Version 12.00
# Visual Studio 15
VisualStudioVersion = 15.0.27703.2047
MinimumVisualStudioVersion = 10.0.40219.1
Project("{9A19103F-16F7-4668-BE54-9A1E7A4F7556}") = "DemiGoldAccountingWebApi", "DemiGoldAccountingWebApi\DemiGoldAccountingWebApi.csproj", "{D3D1A9C1-8766-468F-8500-86D474D7B450}"
EndProject
Global
	GlobalSection(SolutionConfigurationPlatforms) = preSolution
		Debug|Any CPU = Debug|Any CPU
		Release|Any CPU = Release|Any CPU
	EndGlobalSection
	GlobalSection(ProjectConfigurationPlatforms) = postSolution
		{D3D1A9C1-8766-468F-8500-86D474D7B450}.Debug|Any CPU.ActiveCfg = Debug|Any CPU
		{D3D1A9C1-8766-468F-8500-86D474D7B450}.Debug|Any CPU.Build.0 = Debug|Any CPU
		{D3D1A9C1-8766-468F-8500-86D474D7B450}.Release|Any CPU.ActiveCfg = Release|Any CPU
		{D3D1A9C1-8766-468F-8500-86D474D7B450}.Release|Any CPU.Build.0 = Release|Any CPU
	EndGlobalSection
	GlobalSection(SolutionProperties) = preSolution
		HideSolutionNode = FALSE
	EndGlobalSection
	GlobalSection(ExtensibilityGlobals) = postSolution
		SolutionGuid = {B7EA2ECC-BCA9-4C40-8848-F2067F2C8231}
	EndGlobalSection
	GlobalSection(TeamFoundationVersionControl) = preSolution
		SccNumberOfProjects = 2
		SccEnterpriseProvider = {4CA58AB2-18FA-4F8D-95D4-32DDF27D184C}
		SccTeamFoundationServer = https://tuzer.visualstudio.com/
		SccLocalPath0 = .
		SccProjectUniqueName1 = DemiGoldAccountingWebApi\\DemiGoldAccountingWebApi.csproj
		SccProjectName1 = DemiGoldAccountingWebApi
		SccLocalPath1 = DemiGoldAccountingWebApi
	EndGlobalSection
EndGlobal
